// !$*UTF8*$!
{
	archiveVersion = 1;
	classes = {
	};
	objectVersion = 46;
	objects = {

/* Begin PBXBuildFile section */
		8314C3151A58B66F00415192 /* YFRStyleKit.m in Sources */ = {isa = PBXBuildFile; fileRef = 8314C3141A58B66F00415192 /* YFRStyleKit.m */; };
		8314C3361A58B71F00415192 /* YFRAccessPoint.m in Sources */ = {isa = PBXBuildFile; fileRef = 8314C3191A58B71F00415192 /* YFRAccessPoint.m */; };
		8314C3371A58B71F00415192 /* YFRAccessPoint.m in Sources */ = {isa = PBXBuildFile; fileRef = 8314C3191A58B71F00415192 /* YFRAccessPoint.m */; };
		8314C3381A58B71F00415192 /* YFRDevice.m in Sources */ = {isa = PBXBuildFile; fileRef = 8314C31B1A58B71F00415192 /* YFRDevice.m */; };
		8314C3391A58B71F00415192 /* YFRDevice.m in Sources */ = {isa = PBXBuildFile; fileRef = 8314C31B1A58B71F00415192 /* YFRDevice.m */; };
		8314C33A1A58B71F00415192 /* YFRDeviceIdentity.m in Sources */ = {isa = PBXBuildFile; fileRef = 8314C31D1A58B71F00415192 /* YFRDeviceIdentity.m */; };
		8314C33B1A58B71F00415192 /* YFRDeviceIdentity.m in Sources */ = {isa = PBXBuildFile; fileRef = 8314C31D1A58B71F00415192 /* YFRDeviceIdentity.m */; };
		8314C33C1A58B71F00415192 /* GCDAsyncSocket.m in Sources */ = {isa = PBXBuildFile; fileRef = 8314C3201A58B71F00415192 /* GCDAsyncSocket.m */; };
		8314C33D1A58B71F00415192 /* GCDAsyncSocket.m in Sources */ = {isa = PBXBuildFile; fileRef = 8314C3201A58B71F00415192 /* GCDAsyncSocket.m */; };
		8314C33E1A58B71F00415192 /* YFRBaseRequest.m in Sources */ = {isa = PBXBuildFile; fileRef = 8314C3231A58B71F00415192 /* YFRBaseRequest.m */; };
		8314C33F1A58B71F00415192 /* YFRBaseRequest.m in Sources */ = {isa = PBXBuildFile; fileRef = 8314C3231A58B71F00415192 /* YFRBaseRequest.m */; };
		8314C3401A58B71F00415192 /* YFRConstants.m in Sources */ = {isa = PBXBuildFile; fileRef = 8314C3251A58B71F00415192 /* YFRConstants.m */; };
		8314C3411A58B71F00415192 /* YFRConstants.m in Sources */ = {isa = PBXBuildFile; fileRef = 8314C3251A58B71F00415192 /* YFRConstants.m */; };
		8314C3421A58B71F00415192 /* YFRGetDeviceInfo.m in Sources */ = {isa = PBXBuildFile; fileRef = 8314C3271A58B71F00415192 /* YFRGetDeviceInfo.m */; };
		8314C3431A58B71F00415192 /* YFRGetDeviceInfo.m in Sources */ = {isa = PBXBuildFile; fileRef = 8314C3271A58B71F00415192 /* YFRGetDeviceInfo.m */; };
		8314C3441A58B71F00415192 /* YFRGetDevices.m in Sources */ = {isa = PBXBuildFile; fileRef = 8314C3291A58B71F00415192 /* YFRGetDevices.m */; };
		8314C3451A58B71F00415192 /* YFRGetDevices.m in Sources */ = {isa = PBXBuildFile; fileRef = 8314C3291A58B71F00415192 /* YFRGetDevices.m */; };
		8314C3461A58B71F00415192 /* YFRHttpHelper.m in Sources */ = {isa = PBXBuildFile; fileRef = 8314C32B1A58B71F00415192 /* YFRHttpHelper.m */; };
		8314C3471A58B71F00415192 /* YFRHttpHelper.m in Sources */ = {isa = PBXBuildFile; fileRef = 8314C32B1A58B71F00415192 /* YFRHttpHelper.m */; };
		8314C3481A58B71F00415192 /* YFRIdentifyDevice.m in Sources */ = {isa = PBXBuildFile; fileRef = 8314C32D1A58B71F00415192 /* YFRIdentifyDevice.m */; };
		8314C3491A58B71F00415192 /* YFRIdentifyDevice.m in Sources */ = {isa = PBXBuildFile; fileRef = 8314C32D1A58B71F00415192 /* YFRIdentifyDevice.m */; };
		8314C34A1A58B71F00415192 /* YFRLittleBitsClient.m in Sources */ = {isa = PBXBuildFile; fileRef = 8314C32F1A58B71F00415192 /* YFRLittleBitsClient.m */; };
		8314C34B1A58B71F00415192 /* YFRLittleBitsClient.m in Sources */ = {isa = PBXBuildFile; fileRef = 8314C32F1A58B71F00415192 /* YFRLittleBitsClient.m */; };
		8314C34C1A58B71F00415192 /* YFROutputRequest.m in Sources */ = {isa = PBXBuildFile; fileRef = 8314C3311A58B71F00415192 /* YFROutputRequest.m */; };
		8314C34D1A58B71F00415192 /* YFROutputRequest.m in Sources */ = {isa = PBXBuildFile; fileRef = 8314C3311A58B71F00415192 /* YFROutputRequest.m */; };
		8314C34E1A58B71F00415192 /* YFRBuild.m in Sources */ = {isa = PBXBuildFile; fileRef = 8314C3331A58B71F00415192 /* YFRBuild.m */; };
		8314C34F1A58B71F00415192 /* YFRBuild.m in Sources */ = {isa = PBXBuildFile; fileRef = 8314C3331A58B71F00415192 /* YFRBuild.m */; };
		8314C3501A58B71F00415192 /* YFRBuild.m-e in Resources */ = {isa = PBXBuildFile; fileRef = 8314C3341A58B71F00415192 /* YFRBuild.m-e */; };
		8314C3511A58B71F00415192 /* YFRBuild.m-e in Resources */ = {isa = PBXBuildFile; fileRef = 8314C3341A58B71F00415192 /* YFRBuild.m-e */; };
		8314C3521A58B71F00415192 /* YFRBuild.m.template in Resources */ = {isa = PBXBuildFile; fileRef = 8314C3351A58B71F00415192 /* YFRBuild.m.template */; };
		8314C3531A58B71F00415192 /* YFRBuild.m.template in Resources */ = {isa = PBXBuildFile; fileRef = 8314C3351A58B71F00415192 /* YFRBuild.m.template */; };
		8314C3561A58B7C700415192 /* DeviceListViewController.m in Sources */ = {isa = PBXBuildFile; fileRef = 8314C3551A58B7C700415192 /* DeviceListViewController.m */; };
		8314C3571A58B7C700415192 /* DeviceListViewController.m in Sources */ = {isa = PBXBuildFile; fileRef = 8314C3551A58B7C700415192 /* DeviceListViewController.m */; };
		8314C35A1A58B7E800415192 /* YFRDeviceTableViewCell.m in Sources */ = {isa = PBXBuildFile; fileRef = 8314C3591A58B7E800415192 /* YFRDeviceTableViewCell.m */; };
		8314C35B1A58B7E800415192 /* YFRDeviceTableViewCell.m in Sources */ = {isa = PBXBuildFile; fileRef = 8314C3591A58B7E800415192 /* YFRDeviceTableViewCell.m */; };
		8314C35E1A58E0D900415192 /* YFRTokenEntryViewController.m in Sources */ = {isa = PBXBuildFile; fileRef = 8314C35D1A58E0D900415192 /* YFRTokenEntryViewController.m */; };
		8314C35F1A58E0D900415192 /* YFRTokenEntryViewController.m in Sources */ = {isa = PBXBuildFile; fileRef = 8314C35D1A58E0D900415192 /* YFRTokenEntryViewController.m */; };
		8314C3621A58E7CC00415192 /* YFRGuageViewController.m in Sources */ = {isa = PBXBuildFile; fileRef = 8314C3611A58E7CC00415192 /* YFRGuageViewController.m */; };
		8314C3631A58E7CC00415192 /* YFRGuageViewController.m in Sources */ = {isa = PBXBuildFile; fileRef = 8314C3611A58E7CC00415192 /* YFRGuageViewController.m */; };
		8314C3661A58E7F900415192 /* YFRRobotArmView.m in Sources */ = {isa = PBXBuildFile; fileRef = 8314C3651A58E7F900415192 /* YFRRobotArmView.m */; };
		8314C3671A58E7F900415192 /* YFRRobotArmView.m in Sources */ = {isa = PBXBuildFile; fileRef = 8314C3651A58E7F900415192 /* YFRRobotArmView.m */; };
		83D848EC1A522FB400D2BE00 /* main.m in Sources */ = {isa = PBXBuildFile; fileRef = 83D848EB1A522FB400D2BE00 /* main.m */; };
		83D848EF1A522FB400D2BE00 /* AppDelegate.m in Sources */ = {isa = PBXBuildFile; fileRef = 83D848EE1A522FB400D2BE00 /* AppDelegate.m */; };
		83D848F21A522FB400D2BE00 /* LittleBits.xcdatamodeld in Sources */ = {isa = PBXBuildFile; fileRef = 83D848F01A522FB400D2BE00 /* LittleBits.xcdatamodeld */; };
		83D848F81A522FB400D2BE00 /* Main.storyboard in Resources */ = {isa = PBXBuildFile; fileRef = 83D848F61A522FB400D2BE00 /* Main.storyboard */; };
		83D848FA1A522FB400D2BE00 /* Images.xcassets in Resources */ = {isa = PBXBuildFile; fileRef = 83D848F91A522FB400D2BE00 /* Images.xcassets */; };
		83D848FD1A522FB400D2BE00 /* LaunchScreen.xib in Resources */ = {isa = PBXBuildFile; fileRef = 83D848FB1A522FB400D2BE00 /* LaunchScreen.xib */; };
		83D849091A522FB400D2BE00 /* LittleBitsTests.m in Sources */ = {isa = PBXBuildFile; fileRef = 83D849081A522FB400D2BE00 /* LittleBitsTests.m */; };
/* End PBXBuildFile section */

/* Begin PBXContainerItemProxy section */
		83D849031A522FB400D2BE00 /* PBXContainerItemProxy */ = {
			isa = PBXContainerItemProxy;
			containerPortal = 83D848DE1A522FB400D2BE00 /* Project object */;
			proxyType = 1;
			remoteGlobalIDString = 83D848E51A522FB400D2BE00;
			remoteInfo = LittleBits;
		};
/* End PBXContainerItemProxy section */

/* Begin PBXFileReference section */
		8314C3131A58B66F00415192 /* YFRStyleKit.h */ = {isa = PBXFileReference; fileEncoding = 4; lastKnownFileType = sourcecode.c.h; path = YFRStyleKit.h; sourceTree = "<group>"; };
		8314C3141A58B66F00415192 /* YFRStyleKit.m */ = {isa = PBXFileReference; fileEncoding = 4; lastKnownFileType = sourcecode.c.objc; path = YFRStyleKit.m; sourceTree = "<group>"; };
		8314C3181A58B71F00415192 /* YFRAccessPoint.h */ = {isa = PBXFileReference; fileEncoding = 4; lastKnownFileType = sourcecode.c.h; path = YFRAccessPoint.h; sourceTree = "<group>"; };
		8314C3191A58B71F00415192 /* YFRAccessPoint.m */ = {isa = PBXFileReference; fileEncoding = 4; lastKnownFileType = sourcecode.c.objc; path = YFRAccessPoint.m; sourceTree = "<group>"; };
		8314C31A1A58B71F00415192 /* YFRDevice.h */ = {isa = PBXFileReference; fileEncoding = 4; lastKnownFileType = sourcecode.c.h; path = YFRDevice.h; sourceTree = "<group>"; };
		8314C31B1A58B71F00415192 /* YFRDevice.m */ = {isa = PBXFileReference; fileEncoding = 4; lastKnownFileType = sourcecode.c.objc; path = YFRDevice.m; sourceTree = "<group>"; };
		8314C31C1A58B71F00415192 /* YFRDeviceIdentity.h */ = {isa = PBXFileReference; fileEncoding = 4; lastKnownFileType = sourcecode.c.h; path = YFRDeviceIdentity.h; sourceTree = "<group>"; };
		8314C31D1A58B71F00415192 /* YFRDeviceIdentity.m */ = {isa = PBXFileReference; fileEncoding = 4; lastKnownFileType = sourcecode.c.objc; path = YFRDeviceIdentity.m; sourceTree = "<group>"; };
		8314C31F1A58B71F00415192 /* GCDAsyncSocket.h */ = {isa = PBXFileReference; fileEncoding = 4; lastKnownFileType = sourcecode.c.h; path = GCDAsyncSocket.h; sourceTree = "<group>"; };
		8314C3201A58B71F00415192 /* GCDAsyncSocket.m */ = {isa = PBXFileReference; fileEncoding = 4; lastKnownFileType = sourcecode.c.objc; path = GCDAsyncSocket.m; sourceTree = "<group>"; };
		8314C3221A58B71F00415192 /* YFRBaseRequest.h */ = {isa = PBXFileReference; fileEncoding = 4; lastKnownFileType = sourcecode.c.h; path = YFRBaseRequest.h; sourceTree = "<group>"; };
		8314C3231A58B71F00415192 /* YFRBaseRequest.m */ = {isa = PBXFileReference; fileEncoding = 4; lastKnownFileType = sourcecode.c.objc; path = YFRBaseRequest.m; sourceTree = "<group>"; };
		8314C3241A58B71F00415192 /* YFRConstants.h */ = {isa = PBXFileReference; fileEncoding = 4; lastKnownFileType = sourcecode.c.h; path = YFRConstants.h; sourceTree = "<group>"; };
		8314C3251A58B71F00415192 /* YFRConstants.m */ = {isa = PBXFileReference; fileEncoding = 4; lastKnownFileType = sourcecode.c.objc; path = YFRConstants.m; sourceTree = "<group>"; };
		8314C3261A58B71F00415192 /* YFRGetDeviceInfo.h */ = {isa = PBXFileReference; fileEncoding = 4; lastKnownFileType = sourcecode.c.h; path = YFRGetDeviceInfo.h; sourceTree = "<group>"; };
		8314C3271A58B71F00415192 /* YFRGetDeviceInfo.m */ = {isa = PBXFileReference; fileEncoding = 4; lastKnownFileType = sourcecode.c.objc; path = YFRGetDeviceInfo.m; sourceTree = "<group>"; };
		8314C3281A58B71F00415192 /* YFRGetDevices.h */ = {isa = PBXFileReference; fileEncoding = 4; lastKnownFileType = sourcecode.c.h; path = YFRGetDevices.h; sourceTree = "<group>"; };
		8314C3291A58B71F00415192 /* YFRGetDevices.m */ = {isa = PBXFileReference; fileEncoding = 4; lastKnownFileType = sourcecode.c.objc; path = YFRGetDevices.m; sourceTree = "<group>"; };
		8314C32A1A58B71F00415192 /* YFRHttpHelper.h */ = {isa = PBXFileReference; fileEncoding = 4; lastKnownFileType = sourcecode.c.h; path = YFRHttpHelper.h; sourceTree = "<group>"; };
		8314C32B1A58B71F00415192 /* YFRHttpHelper.m */ = {isa = PBXFileReference; fileEncoding = 4; lastKnownFileType = sourcecode.c.objc; path = YFRHttpHelper.m; sourceTree = "<group>"; };
		8314C32C1A58B71F00415192 /* YFRIdentifyDevice.h */ = {isa = PBXFileReference; fileEncoding = 4; lastKnownFileType = sourcecode.c.h; path = YFRIdentifyDevice.h; sourceTree = "<group>"; };
		8314C32D1A58B71F00415192 /* YFRIdentifyDevice.m */ = {isa = PBXFileReference; fileEncoding = 4; lastKnownFileType = sourcecode.c.objc; path = YFRIdentifyDevice.m; sourceTree = "<group>"; };
		8314C32E1A58B71F00415192 /* YFRLittleBitsClient.h */ = {isa = PBXFileReference; fileEncoding = 4; lastKnownFileType = sourcecode.c.h; path = YFRLittleBitsClient.h; sourceTree = "<group>"; };
		8314C32F1A58B71F00415192 /* YFRLittleBitsClient.m */ = {isa = PBXFileReference; fileEncoding = 4; lastKnownFileType = sourcecode.c.objc; path = YFRLittleBitsClient.m; sourceTree = "<group>"; };
		8314C3301A58B71F00415192 /* YFROutputRequest.h */ = {isa = PBXFileReference; fileEncoding = 4; lastKnownFileType = sourcecode.c.h; path = YFROutputRequest.h; sourceTree = "<group>"; };
		8314C3311A58B71F00415192 /* YFROutputRequest.m */ = {isa = PBXFileReference; fileEncoding = 4; lastKnownFileType = sourcecode.c.objc; path = YFROutputRequest.m; sourceTree = "<group>"; };
		8314C3321A58B71F00415192 /* YFRBuild.h */ = {isa = PBXFileReference; fileEncoding = 4; lastKnownFileType = sourcecode.c.h; path = YFRBuild.h; sourceTree = "<group>"; };
		8314C3331A58B71F00415192 /* YFRBuild.m */ = {isa = PBXFileReference; fileEncoding = 4; lastKnownFileType = sourcecode.c.objc; path = YFRBuild.m; sourceTree = "<group>"; };
		8314C3341A58B71F00415192 /* YFRBuild.m-e */ = {isa = PBXFileReference; fileEncoding = 4; lastKnownFileType = text; path = "YFRBuild.m-e"; sourceTree = "<group>"; };
		8314C3351A58B71F00415192 /* YFRBuild.m.template */ = {isa = PBXFileReference; fileEncoding = 4; lastKnownFileType = text; path = YFRBuild.m.template; sourceTree = "<group>"; };
		8314C3541A58B7C700415192 /* DeviceListViewController.h */ = {isa = PBXFileReference; fileEncoding = 4; lastKnownFileType = sourcecode.c.h; path = DeviceListViewController.h; sourceTree = "<group>"; };
		8314C3551A58B7C700415192 /* DeviceListViewController.m */ = {isa = PBXFileReference; fileEncoding = 4; lastKnownFileType = sourcecode.c.objc; path = DeviceListViewController.m; sourceTree = "<group>"; };
		8314C3581A58B7E800415192 /* YFRDeviceTableViewCell.h */ = {isa = PBXFileReference; fileEncoding = 4; lastKnownFileType = sourcecode.c.h; path = YFRDeviceTableViewCell.h; sourceTree = "<group>"; };
		8314C3591A58B7E800415192 /* YFRDeviceTableViewCell.m */ = {isa = PBXFileReference; fileEncoding = 4; lastKnownFileType = sourcecode.c.objc; path = YFRDeviceTableViewCell.m; sourceTree = "<group>"; };
		8314C35C1A58E0D900415192 /* YFRTokenEntryViewController.h */ = {isa = PBXFileReference; fileEncoding = 4; lastKnownFileType = sourcecode.c.h; path = YFRTokenEntryViewController.h; sourceTree = "<group>"; };
		8314C35D1A58E0D900415192 /* YFRTokenEntryViewController.m */ = {isa = PBXFileReference; fileEncoding = 4; lastKnownFileType = sourcecode.c.objc; path = YFRTokenEntryViewController.m; sourceTree = "<group>"; };
		8314C3601A58E7CC00415192 /* YFRGuageViewController.h */ = {isa = PBXFileReference; fileEncoding = 4; lastKnownFileType = sourcecode.c.h; path = YFRGuageViewController.h; sourceTree = "<group>"; };
		8314C3611A58E7CC00415192 /* YFRGuageViewController.m */ = {isa = PBXFileReference; fileEncoding = 4; lastKnownFileType = sourcecode.c.objc; path = YFRGuageViewController.m; sourceTree = "<group>"; };
		8314C3641A58E7F900415192 /* YFRRobotArmView.h */ = {isa = PBXFileReference; fileEncoding = 4; lastKnownFileType = sourcecode.c.h; path = YFRRobotArmView.h; sourceTree = "<group>"; };
		8314C3651A58E7F900415192 /* YFRRobotArmView.m */ = {isa = PBXFileReference; fileEncoding = 4; lastKnownFileType = sourcecode.c.objc; path = YFRRobotArmView.m; sourceTree = "<group>"; };
		83D848E61A522FB400D2BE00 /* LittleBits.app */ = {isa = PBXFileReference; explicitFileType = wrapper.application; includeInIndex = 0; path = LittleBits.app; sourceTree = BUILT_PRODUCTS_DIR; };
		83D848EA1A522FB400D2BE00 /* Info.plist */ = {isa = PBXFileReference; lastKnownFileType = text.plist.xml; path = Info.plist; sourceTree = "<group>"; };
		83D848EB1A522FB400D2BE00 /* main.m */ = {isa = PBXFileReference; lastKnownFileType = sourcecode.c.objc; path = main.m; sourceTree = "<group>"; };
		83D848ED1A522FB400D2BE00 /* AppDelegate.h */ = {isa = PBXFileReference; lastKnownFileType = sourcecode.c.h; path = AppDelegate.h; sourceTree = "<group>"; };
		83D848EE1A522FB400D2BE00 /* AppDelegate.m */ = {isa = PBXFileReference; lastKnownFileType = sourcecode.c.objc; path = AppDelegate.m; sourceTree = "<group>"; };
		83D848F11A522FB400D2BE00 /* LittleBits.xcdatamodel */ = {isa = PBXFileReference; lastKnownFileType = wrapper.xcdatamodel; path = LittleBits.xcdatamodel; sourceTree = "<group>"; };
		83D848F71A522FB400D2BE00 /* Base */ = {isa = PBXFileReference; lastKnownFileType = file.storyboard; name = Base; path = Base.lproj/Main.storyboard; sourceTree = "<group>"; };
		83D848F91A522FB400D2BE00 /* Images.xcassets */ = {isa = PBXFileReference; lastKnownFileType = folder.assetcatalog; path = Images.xcassets; sourceTree = "<group>"; };
		83D848FC1A522FB400D2BE00 /* Base */ = {isa = PBXFileReference; lastKnownFileType = file.xib; name = Base; path = Base.lproj/LaunchScreen.xib; sourceTree = "<group>"; };
		83D849021A522FB400D2BE00 /* LittleBitsTests.xctest */ = {isa = PBXFileReference; explicitFileType = wrapper.cfbundle; includeInIndex = 0; path = LittleBitsTests.xctest; sourceTree = BUILT_PRODUCTS_DIR; };
		83D849071A522FB400D2BE00 /* Info.plist */ = {isa = PBXFileReference; lastKnownFileType = text.plist.xml; path = Info.plist; sourceTree = "<group>"; };
		83D849081A522FB400D2BE00 /* LittleBitsTests.m */ = {isa = PBXFileReference; lastKnownFileType = sourcecode.c.objc; path = LittleBitsTests.m; sourceTree = "<group>"; };
/* End PBXFileReference section */

/* Begin PBXFrameworksBuildPhase section */
		83D848E31A522FB400D2BE00 /* Frameworks */ = {
			isa = PBXFrameworksBuildPhase;
			buildActionMask = 2147483647;
			files = (
			);
			runOnlyForDeploymentPostprocessing = 0;
		};
		83D848FF1A522FB400D2BE00 /* Frameworks */ = {
			isa = PBXFrameworksBuildPhase;
			buildActionMask = 2147483647;
			files = (
			);
			runOnlyForDeploymentPostprocessing = 0;
		};
/* End PBXFrameworksBuildPhase section */

/* Begin PBXGroup section */
		8314C3111A58B66F00415192 /* views */ = {
			isa = PBXGroup;
			children = (
				8314C3121A58B66F00415192 /* generated */,
				8314C3541A58B7C700415192 /* DeviceListViewController.h */,
				8314C3551A58B7C700415192 /* DeviceListViewController.m */,
				83D848FB1A522FB400D2BE00 /* LaunchScreen.xib */,
				83D848F61A522FB400D2BE00 /* Main.storyboard */,
				8314C3581A58B7E800415192 /* YFRDeviceTableViewCell.h */,
				8314C3591A58B7E800415192 /* YFRDeviceTableViewCell.m */,
				8314C3601A58E7CC00415192 /* YFRGuageViewController.h */,
				8314C3611A58E7CC00415192 /* YFRGuageViewController.m */,
				8314C3641A58E7F900415192 /* YFRRobotArmView.h */,
				8314C3651A58E7F900415192 /* YFRRobotArmView.m */,
				8314C35C1A58E0D900415192 /* YFRTokenEntryViewController.h */,
				8314C35D1A58E0D900415192 /* YFRTokenEntryViewController.m */,
			);
			path = views;
			sourceTree = "<group>";
		};
		8314C3121A58B66F00415192 /* generated */ = {
			isa = PBXGroup;
			children = (
				8314C3131A58B66F00415192 /* YFRStyleKit.h */,
				8314C3141A58B66F00415192 /* YFRStyleKit.m */,
			);
			path = generated;
			sourceTree = "<group>";
		};
		8314C3161A58B71F00415192 /* common */ = {
			isa = PBXGroup;
			children = (
				8314C3171A58B71F00415192 /* data */,
				8314C31E1A58B71F00415192 /* external */,
				8314C3211A58B71F00415192 /* protocol */,
				8314C3321A58B71F00415192 /* YFRBuild.h */,
				8314C3331A58B71F00415192 /* YFRBuild.m */,
				8314C3341A58B71F00415192 /* YFRBuild.m-e */,
				8314C3351A58B71F00415192 /* YFRBuild.m.template */,
			);
			path = common;
			sourceTree = "<group>";
		};
		8314C3171A58B71F00415192 /* data */ = {
			isa = PBXGroup;
			children = (
				8314C3181A58B71F00415192 /* YFRAccessPoint.h */,
				8314C3191A58B71F00415192 /* YFRAccessPoint.m */,
				8314C31A1A58B71F00415192 /* YFRDevice.h */,
				8314C31B1A58B71F00415192 /* YFRDevice.m */,
				8314C31C1A58B71F00415192 /* YFRDeviceIdentity.h */,
				8314C31D1A58B71F00415192 /* YFRDeviceIdentity.m */,
			);
			path = data;
			sourceTree = "<group>";
		};
		8314C31E1A58B71F00415192 /* external */ = {
			isa = PBXGroup;
			children = (
				8314C31F1A58B71F00415192 /* GCDAsyncSocket.h */,
				8314C3201A58B71F00415192 /* GCDAsyncSocket.m */,
			);
			path = external;
			sourceTree = "<group>";
		};
		8314C3211A58B71F00415192 /* protocol */ = {
			isa = PBXGroup;
			children = (
				8314C3221A58B71F00415192 /* YFRBaseRequest.h */,
				8314C3231A58B71F00415192 /* YFRBaseRequest.m */,
				8314C3241A58B71F00415192 /* YFRConstants.h */,
				8314C3251A58B71F00415192 /* YFRConstants.m */,
				8314C3261A58B71F00415192 /* YFRGetDeviceInfo.h */,
				8314C3271A58B71F00415192 /* YFRGetDeviceInfo.m */,
				8314C3281A58B71F00415192 /* YFRGetDevices.h */,
				8314C3291A58B71F00415192 /* YFRGetDevices.m */,
				8314C32A1A58B71F00415192 /* YFRHttpHelper.h */,
				8314C32B1A58B71F00415192 /* YFRHttpHelper.m */,
				8314C32C1A58B71F00415192 /* YFRIdentifyDevice.h */,
				8314C32D1A58B71F00415192 /* YFRIdentifyDevice.m */,
				8314C32E1A58B71F00415192 /* YFRLittleBitsClient.h */,
				8314C32F1A58B71F00415192 /* YFRLittleBitsClient.m */,
				8314C3301A58B71F00415192 /* YFROutputRequest.h */,
				8314C3311A58B71F00415192 /* YFROutputRequest.m */,
			);
			path = protocol;
			sourceTree = "<group>";
		};
		83D848DD1A522FB400D2BE00 = {
			isa = PBXGroup;
			children = (
				83D848E81A522FB400D2BE00 /* LittleBits */,
				83D849051A522FB400D2BE00 /* LittleBitsTests */,
				83D848E71A522FB400D2BE00 /* Products */,
			);
			sourceTree = "<group>";
		};
		83D848E71A522FB400D2BE00 /* Products */ = {
			isa = PBXGroup;
			children = (
				83D848E61A522FB400D2BE00 /* LittleBits.app */,
				83D849021A522FB400D2BE00 /* LittleBitsTests.xctest */,
			);
			name = Products;
			sourceTree = "<group>";
		};
		83D848E81A522FB400D2BE00 /* LittleBits */ = {
			isa = PBXGroup;
			children = (
				8314C3161A58B71F00415192 /* common */,
				8314C3111A58B66F00415192 /* views */,
				83D848ED1A522FB400D2BE00 /* AppDelegate.h */,
				83D848EE1A522FB400D2BE00 /* AppDelegate.m */,
				83D848F91A522FB400D2BE00 /* Images.xcassets */,
				83D848F01A522FB400D2BE00 /* LittleBits.xcdatamodeld */,
				83D848E91A522FB400D2BE00 /* Supporting Files */,
			);
			path = LittleBits;
			sourceTree = "<group>";
		};
		83D848E91A522FB400D2BE00 /* Supporting Files */ = {
			isa = PBXGroup;
			children = (
				83D848EA1A522FB400D2BE00 /* Info.plist */,
				83D848EB1A522FB400D2BE00 /* main.m */,
			);
			name = "Supporting Files";
			sourceTree = "<group>";
		};
		83D849051A522FB400D2BE00 /* LittleBitsTests */ = {
			isa = PBXGroup;
			children = (
				83D849081A522FB400D2BE00 /* LittleBitsTests.m */,
				83D849061A522FB400D2BE00 /* Supporting Files */,
			);
			path = LittleBitsTests;
			sourceTree = "<group>";
		};
		83D849061A522FB400D2BE00 /* Supporting Files */ = {
			isa = PBXGroup;
			children = (
				83D849071A522FB400D2BE00 /* Info.plist */,
			);
			name = "Supporting Files";
			sourceTree = "<group>";
		};
/* End PBXGroup section */

/* Begin PBXNativeTarget section */
		83D848E51A522FB400D2BE00 /* LittleBits */ = {
			isa = PBXNativeTarget;
			buildConfigurationList = 83D8490C1A522FB400D2BE00 /* Build configuration list for PBXNativeTarget "LittleBits" */;
			buildPhases = (
				83D848E21A522FB400D2BE00 /* Sources */,
				83D848E31A522FB400D2BE00 /* Frameworks */,
				83D848E41A522FB400D2BE00 /* Resources */,
			);
			buildRules = (
			);
			dependencies = (
			);
			name = LittleBits;
			productName = LittleBits;
			productReference = 83D848E61A522FB400D2BE00 /* LittleBits.app */;
			productType = "com.apple.product-type.application";
		};
		83D849011A522FB400D2BE00 /* LittleBitsTests */ = {
			isa = PBXNativeTarget;
			buildConfigurationList = 83D8490F1A522FB400D2BE00 /* Build configuration list for PBXNativeTarget "LittleBitsTests" */;
			buildPhases = (
				83D848FE1A522FB400D2BE00 /* Sources */,
				83D848FF1A522FB400D2BE00 /* Frameworks */,
				83D849001A522FB400D2BE00 /* Resources */,
			);
			buildRules = (
			);
			dependencies = (
				83D849041A522FB400D2BE00 /* PBXTargetDependency */,
			);
			name = LittleBitsTests;
			productName = LittleBitsTests;
			productReference = 83D849021A522FB400D2BE00 /* LittleBitsTests.xctest */;
			productType = "com.apple.product-type.bundle.unit-test";
		};
/* End PBXNativeTarget section */

/* Begin PBXProject section */
		83D848DE1A522FB400D2BE00 /* Project object */ = {
			isa = PBXProject;
			attributes = {
				LastUpgradeCheck = 0610;
				ORGANIZATIONNAME = Yepher;
				TargetAttributes = {
					83D848E51A522FB400D2BE00 = {
						CreatedOnToolsVersion = 6.1.1;
						DevelopmentTeam = WDCGJTU726;
					};
					83D849011A522FB400D2BE00 = {
						CreatedOnToolsVersion = 6.1.1;
						TestTargetID = 83D848E51A522FB400D2BE00;
					};
				};
			};
			buildConfigurationList = 83D848E11A522FB400D2BE00 /* Build configuration list for PBXProject "LittleBits" */;
			compatibilityVersion = "Xcode 3.2";
			developmentRegion = English;
			hasScannedForEncodings = 0;
			knownRegions = (
				en,
				Base,
			);
			mainGroup = 83D848DD1A522FB400D2BE00;
			productRefGroup = 83D848E71A522FB400D2BE00 /* Products */;
			projectDirPath = "";
			projectRoot = "";
			targets = (
				83D848E51A522FB400D2BE00 /* LittleBits */,
				83D849011A522FB400D2BE00 /* LittleBitsTests */,
			);
		};
/* End PBXProject section */

/* Begin PBXResourcesBuildPhase section */
		83D848E41A522FB400D2BE00 /* Resources */ = {
			isa = PBXResourcesBuildPhase;
			buildActionMask = 2147483647;
			files = (
				83D848F81A522FB400D2BE00 /* Main.storyboard in Resources */,
				83D848FD1A522FB400D2BE00 /* LaunchScreen.xib in Resources */,
				8314C3501A58B71F00415192 /* YFRBuild.m-e in Resources */,
				83D848FA1A522FB400D2BE00 /* Images.xcassets in Resources */,
				8314C3521A58B71F00415192 /* YFRBuild.m.template in Resources */,
			);
			runOnlyForDeploymentPostprocessing = 0;
		};
		83D849001A522FB400D2BE00 /* Resources */ = {
			isa = PBXResourcesBuildPhase;
			buildActionMask = 2147483647;
			files = (
				8314C3511A58B71F00415192 /* YFRBuild.m-e in Resources */,
				8314C3531A58B71F00415192 /* YFRBuild.m.template in Resources */,
			);
			runOnlyForDeploymentPostprocessing = 0;
		};
/* End PBXResourcesBuildPhase section */

/* Begin PBXSourcesBuildPhase section */
		83D848E21A522FB400D2BE00 /* Sources */ = {
			isa = PBXSourcesBuildPhase;
			buildActionMask = 2147483647;
			files = (
				8314C34A1A58B71F00415192 /* YFRLittleBitsClient.m in Sources */,
				8314C3361A58B71F00415192 /* YFRAccessPoint.m in Sources */,
				8314C33A1A58B71F00415192 /* YFRDeviceIdentity.m in Sources */,
				8314C3421A58B71F00415192 /* YFRGetDeviceInfo.m in Sources */,
				8314C3461A58B71F00415192 /* YFRHttpHelper.m in Sources */,
				83D848EF1A522FB400D2BE00 /* AppDelegate.m in Sources */,
				8314C3401A58B71F00415192 /* YFRConstants.m in Sources */,
				8314C3661A58E7F900415192 /* YFRRobotArmView.m in Sources */,
				8314C3151A58B66F00415192 /* YFRStyleKit.m in Sources */,
				83D848EC1A522FB400D2BE00 /* main.m in Sources */,
				8314C34C1A58B71F00415192 /* YFROutputRequest.m in Sources */,
				8314C3441A58B71F00415192 /* YFRGetDevices.m in Sources */,
				8314C35E1A58E0D900415192 /* YFRTokenEntryViewController.m in Sources */,
				8314C3481A58B71F00415192 /* YFRIdentifyDevice.m in Sources */,
				8314C3621A58E7CC00415192 /* YFRGuageViewController.m in Sources */,
				8314C33C1A58B71F00415192 /* GCDAsyncSocket.m in Sources */,
				83D848F21A522FB400D2BE00 /* LittleBits.xcdatamodeld in Sources */,
				8314C33E1A58B71F00415192 /* YFRBaseRequest.m in Sources */,
				8314C34E1A58B71F00415192 /* YFRBuild.m in Sources */,
				8314C3561A58B7C700415192 /* DeviceListViewController.m in Sources */,
				8314C3381A58B71F00415192 /* YFRDevice.m in Sources */,
				8314C35A1A58B7E800415192 /* YFRDeviceTableViewCell.m in Sources */,
			);
			runOnlyForDeploymentPostprocessing = 0;
		};
		83D848FE1A522FB400D2BE00 /* Sources */ = {
			isa = PBXSourcesBuildPhase;
			buildActionMask = 2147483647;
			files = (
				8314C3631A58E7CC00415192 /* YFRGuageViewController.m in Sources */,
				8314C34B1A58B71F00415192 /* YFRLittleBitsClient.m in Sources */,
				8314C3371A58B71F00415192 /* YFRAccessPoint.m in Sources */,
				8314C3471A58B71F00415192 /* YFRHttpHelper.m in Sources */,
				8314C3411A58B71F00415192 /* YFRConstants.m in Sources */,
				8314C34D1A58B71F00415192 /* YFROutputRequest.m in Sources */,
				8314C3431A58B71F00415192 /* YFRGetDeviceInfo.m in Sources */,
				8314C33D1A58B71F00415192 /* GCDAsyncSocket.m in Sources */,
				8314C35F1A58E0D900415192 /* YFRTokenEntryViewController.m in Sources */,
				8314C35B1A58B7E800415192 /* YFRDeviceTableViewCell.m in Sources */,
				8314C3671A58E7F900415192 /* YFRRobotArmView.m in Sources */,
				8314C33B1A58B71F00415192 /* YFRDeviceIdentity.m in Sources */,
				83D849091A522FB400D2BE00 /* LittleBitsTests.m in Sources */,
				8314C3491A58B71F00415192 /* YFRIdentifyDevice.m in Sources */,
				8314C33F1A58B71F00415192 /* YFRBaseRequest.m in Sources */,
				8314C3451A58B71F00415192 /* YFRGetDevices.m in Sources */,
				8314C34F1A58B71F00415192 /* YFRBuild.m in Sources */,
				8314C3391A58B71F00415192 /* YFRDevice.m in Sources */,
				8314C3571A58B7C700415192 /* DeviceListViewController.m in Sources */,
			);
			runOnlyForDeploymentPostprocessing = 0;
		};
/* End PBXSourcesBuildPhase section */

/* Begin PBXTargetDependency section */
		83D849041A522FB400D2BE00 /* PBXTargetDependency */ = {
			isa = PBXTargetDependency;
			target = 83D848E51A522FB400D2BE00 /* LittleBits */;
			targetProxy = 83D849031A522FB400D2BE00 /* PBXContainerItemProxy */;
		};
/* End PBXTargetDependency section */

/* Begin PBXVariantGroup section */
		83D848F61A522FB400D2BE00 /* Main.storyboard */ = {
			isa = PBXVariantGroup;
			children = (
				83D848F71A522FB400D2BE00 /* Base */,
			);
			name = Main.storyboard;
			path = ..;
			sourceTree = "<group>";
		};
		83D848FB1A522FB400D2BE00 /* LaunchScreen.xib */ = {
			isa = PBXVariantGroup;
			children = (
				83D848FC1A522FB400D2BE00 /* Base */,
			);
			name = LaunchScreen.xib;
			path = ..;
			sourceTree = "<group>";
		};
/* End PBXVariantGroup section */

/* Begin XCBuildConfiguration section */
		83D8490A1A522FB400D2BE00 /* Debug */ = {
			isa = XCBuildConfiguration;
			buildSettings = {
				ALWAYS_SEARCH_USER_PATHS = NO;
				CLANG_CXX_LANGUAGE_STANDARD = "gnu++0x";
				CLANG_CXX_LIBRARY = "libc++";
				CLANG_ENABLE_MODULES = YES;
				CLANG_ENABLE_OBJC_ARC = YES;
				CLANG_WARN_BOOL_CONVERSION = YES;
				CLANG_WARN_CONSTANT_CONVERSION = YES;
				CLANG_WARN_DIRECT_OBJC_ISA_USAGE = YES_ERROR;
				CLANG_WARN_EMPTY_BODY = YES;
				CLANG_WARN_ENUM_CONVERSION = YES;
				CLANG_WARN_INT_CONVERSION = YES;
				CLANG_WARN_OBJC_ROOT_CLASS = YES_ERROR;
				CLANG_WARN_UNREACHABLE_CODE = YES;
				CLANG_WARN__DUPLICATE_METHOD_MATCH = YES;
				"CODE_SIGN_IDENTITY[sdk=iphoneos*]" = "iPhone Developer";
				COPY_PHASE_STRIP = NO;
				ENABLE_STRICT_OBJC_MSGSEND = YES;
				GCC_C_LANGUAGE_STANDARD = gnu99;
				GCC_DYNAMIC_NO_PIC = NO;
				GCC_OPTIMIZATION_LEVEL = 0;
				GCC_PREPROCESSOR_DEFINITIONS = (
					"DEBUG=1",
					"$(inherited)",
				);
				GCC_SYMBOLS_PRIVATE_EXTERN = NO;
				GCC_WARN_64_TO_32_BIT_CONVERSION = YES;
				GCC_WARN_ABOUT_RETURN_TYPE = YES_ERROR;
				GCC_WARN_UNDECLARED_SELECTOR = YES;
				GCC_WARN_UNINITIALIZED_AUTOS = YES_AGGRESSIVE;
				GCC_WARN_UNUSED_FUNCTION = YES;
				GCC_WARN_UNUSED_VARIABLE = YES;
				IPHONEOS_DEPLOYMENT_TARGET = 8.1;
				MTL_ENABLE_DEBUG_INFO = YES;
				ONLY_ACTIVE_ARCH = YES;
				SDKROOT = iphoneos;
			};
			name = Debug;
		};
		83D8490B1A522FB400D2BE00 /* Release */ = {
			isa = XCBuildConfiguration;
			buildSettings = {
				ALWAYS_SEARCH_USER_PATHS = NO;
				CLANG_CXX_LANGUAGE_STANDARD = "gnu++0x";
				CLANG_CXX_LIBRARY = "libc++";
				CLANG_ENABLE_MODULES = YES;
				CLANG_ENABLE_OBJC_ARC = YES;
				CLANG_WARN_BOOL_CONVERSION = YES;
				CLANG_WARN_CONSTANT_CONVERSION = YES;
				CLANG_WARN_DIRECT_OBJC_ISA_USAGE = YES_ERROR;
				CLANG_WARN_EMPTY_BODY = YES;
				CLANG_WARN_ENUM_CONVERSION = YES;
				CLANG_WARN_INT_CONVERSION = YES;
				CLANG_WARN_OBJC_ROOT_CLASS = YES_ERROR;
				CLANG_WARN_UNREACHABLE_CODE = YES;
				CLANG_WARN__DUPLICATE_METHOD_MATCH = YES;
				"CODE_SIGN_IDENTITY[sdk=iphoneos*]" = "iPhone Developer";
				COPY_PHASE_STRIP = YES;
				ENABLE_NS_ASSERTIONS = NO;
				ENABLE_STRICT_OBJC_MSGSEND = YES;
				GCC_C_LANGUAGE_STANDARD = gnu99;
				GCC_WARN_64_TO_32_BIT_CONVERSION = YES;
				GCC_WARN_ABOUT_RETURN_TYPE = YES_ERROR;
				GCC_WARN_UNDECLARED_SELECTOR = YES;
				GCC_WARN_UNINITIALIZED_AUTOS = YES_AGGRESSIVE;
				GCC_WARN_UNUSED_FUNCTION = YES;
				GCC_WARN_UNUSED_VARIABLE = YES;
				IPHONEOS_DEPLOYMENT_TARGET = 8.1;
				MTL_ENABLE_DEBUG_INFO = NO;
				SDKROOT = iphoneos;
				VALIDATE_PRODUCT = YES;
			};
			name = Release;
		};
		83D8490D1A522FB400D2BE00 /* Debug */ = {
			isa = XCBuildConfiguration;
			buildSettings = {
				ASSETCATALOG_COMPILER_APPICON_NAME = AppIcon;
				CODE_SIGN_IDENTITY = "iPhone Developer";
				INFOPLIST_FILE = LittleBits/Info.plist;
				LD_RUNPATH_SEARCH_PATHS = "$(inherited) @executable_path/Frameworks";
				PRODUCT_NAME = "$(TARGET_NAME)";
			};
			name = Debug;
		};
		83D8490E1A522FB400D2BE00 /* Release */ = {
			isa = XCBuildConfiguration;
			buildSettings = {
				ASSETCATALOG_COMPILER_APPICON_NAME = AppIcon;
				CODE_SIGN_IDENTITY = "iPhone Developer";
				INFOPLIST_FILE = LittleBits/Info.plist;
				LD_RUNPATH_SEARCH_PATHS = "$(inherited) @executable_path/Frameworks";
				PRODUCT_NAME = "$(TARGET_NAME)";
			};
			name = Release;
		};
		83D849101A522FB400D2BE00 /* Debug */ = {
			isa = XCBuildConfiguration;
			buildSettings = {
				BUNDLE_LOADER = "$(TEST_HOST)";
				FRAMEWORK_SEARCH_PATHS = (
					"$(SDKROOT)/Developer/Library/Frameworks",
					"$(inherited)",
				);
				GCC_PREPROCESSOR_DEFINITIONS = (
					"DEBUG=1",
					"$(inherited)",
				);
				INFOPLIST_FILE = LittleBitsTests/Info.plist;
				LD_RUNPATH_SEARCH_PATHS = "$(inherited) @executable_path/Frameworks @loader_path/Frameworks";
				PRODUCT_NAME = "$(TARGET_NAME)";
				TEST_HOST = "$(BUILT_PRODUCTS_DIR)/LittleBits.app/LittleBits";
			};
			name = Debug;
		};
		83D849111A522FB400D2BE00 /* Release */ = {
			isa = XCBuildConfiguration;
			buildSettings = {
				BUNDLE_LOADER = "$(TEST_HOST)";
				FRAMEWORK_SEARCH_PATHS = (
					"$(SDKROOT)/Developer/Library/Frameworks",
					"$(inherited)",
				);
				INFOPLIST_FILE = LittleBitsTests/Info.plist;
				LD_RUNPATH_SEARCH_PATHS = "$(inherited) @executable_path/Frameworks @loader_path/Frameworks";
				PRODUCT_NAME = "$(TARGET_NAME)";
				TEST_HOST = "$(BUILT_PRODUCTS_DIR)/LittleBits.app/LittleBits";
			};
			name = Release;
		};
/* End XCBuildConfiguration section */

/* Begin XCConfigurationList section */
		83D848E11A522FB400D2BE00 /* Build configuration list for PBXProject "LittleBits" */ = {
			isa = XCConfigurationList;
			buildConfigurations = (
				83D8490A1A522FB400D2BE00 /* Debug */,
				83D8490B1A522FB400D2BE00 /* Release */,
			);
			defaultConfigurationIsVisible = 0;
			defaultConfigurationName = Release;
		};
		83D8490C1A522FB400D2BE00 /* Build configuration list for PBXNativeTarget "LittleBits" */ = {
			isa = XCConfigurationList;
			buildConfigurations = (
				83D8490D1A522FB400D2BE00 /* Debug */,
				83D8490E1A522FB400D2BE00 /* Release */,
			);
			defaultConfigurationIsVisible = 0;
			defaultConfigurationName = Release;
		};
		83D8490F1A522FB400D2BE00 /* Build configuration list for PBXNativeTarget "LittleBitsTests" */ = {
			isa = XCConfigurationList;
			buildConfigurations = (
				83D849101A522FB400D2BE00 /* Debug */,
				83D849111A522FB400D2BE00 /* Release */,
			);
			defaultConfigurationIsVisible = 0;
			defaultConfigurationName = Release;
		};
/* End XCConfigurationList section */

/* Begin XCVersionGroup section */
		83D848F01A522FB400D2BE00 /* LittleBits.xcdatamodeld */ = {
			isa = XCVersionGroup;
			children = (
				83D848F11A522FB400D2BE00 /* LittleBits.xcdatamodel */,
			);
			currentVersion = 83D848F11A522FB400D2BE00 /* LittleBits.xcdatamodel */;
			path = LittleBits.xcdatamodeld;
			sourceTree = "<group>";
			versionGroupType = wrapper.xcdatamodel;
		};
/* End XCVersionGroup section */
	};
	rootObject = 83D848DE1A522FB400D2BE00 /* Project object */;
}
