// !$*UTF8*$!
{
	archiveVersion = 1;
	classes = {
	};
	objectVersion = 46;
	objects = {

/* Begin PBXBuildFile section */
		83D848EC1A522FB400D2BE00 /* main.m in Sources */ = {isa = PBXBuildFile; fileRef = 83D848EB1A522FB400D2BE00 /* main.m */; };
		83D848EF1A522FB400D2BE00 /* AppDelegate.m in Sources */ = {isa = PBXBuildFile; fileRef = 83D848EE1A522FB400D2BE00 /* AppDelegate.m */; };
		83D848F21A522FB400D2BE00 /* LittleBits.xcdatamodeld in Sources */ = {isa = PBXBuildFile; fileRef = 83D848F01A522FB400D2BE00 /* LittleBits.xcdatamodeld */; };
		83D848F51A522FB400D2BE00 /* ViewController.m in Sources */ = {isa = PBXBuildFile; fileRef = 83D848F41A522FB400D2BE00 /* ViewController.m */; };
		83D848F81A522FB400D2BE00 /* Main.storyboard in Resources */ = {isa = PBXBuildFile; fileRef = 83D848F61A522FB400D2BE00 /* Main.storyboard */; };
		83D848FA1A522FB400D2BE00 /* Images.xcassets in Resources */ = {isa = PBXBuildFile; fileRef = 83D848F91A522FB400D2BE00 /* Images.xcassets */; };
		83D848FD1A522FB400D2BE00 /* LaunchScreen.xib in Resources */ = {isa = PBXBuildFile; fileRef = 83D848FB1A522FB400D2BE00 /* LaunchScreen.xib */; };
		83D849091A522FB400D2BE00 /* LittleBitsTests.m in Sources */ = {isa = PBXBuildFile; fileRef = 83D849081A522FB400D2BE00 /* LittleBitsTests.m */; };
/* End PBXBuildFile section */

/* Begin PBXContainerItemProxy section */
		83D849031A522FB400D2BE00 /* PBXContainerItemProxy */ = {
			isa = PBXContainerItemProxy;
			containerPortal = 83D848DE1A522FB400D2BE00 /* Project object */;
			proxyType = 1;
			remoteGlobalIDString = 83D848E51A522FB400D2BE00;
			remoteInfo = LittleBits;
		};
/* End PBXContainerItemProxy section */

/* Begin PBXFileReference section */
		83D848E61A522FB400D2BE00 /* LittleBits.app */ = {isa = PBXFileReference; explicitFileType = wrapper.application; includeInIndex = 0; path = LittleBits.app; sourceTree = BUILT_PRODUCTS_DIR; };
		83D848EA1A522FB400D2BE00 /* Info.plist */ = {isa = PBXFileReference; lastKnownFileType = text.plist.xml; path = Info.plist; sourceTree = "<group>"; };
		83D848EB1A522FB400D2BE00 /* main.m */ = {isa = PBXFileReference; lastKnownFileType = sourcecode.c.objc; path = main.m; sourceTree = "<group>"; };
		83D848ED1A522FB400D2BE00 /* AppDelegate.h */ = {isa = PBXFileReference; lastKnownFileType = sourcecode.c.h; path = AppDelegate.h; sourceTree = "<group>"; };
		83D848EE1A522FB400D2BE00 /* AppDelegate.m */ = {isa = PBXFileReference; lastKnownFileType = sourcecode.c.objc; path = AppDelegate.m; sourceTree = "<group>"; };
		83D848F11A522FB400D2BE00 /* LittleBits.xcdatamodel */ = {isa = PBXFileReference; lastKnownFileType = wrapper.xcdatamodel; path = LittleBits.xcdatamodel; sourceTree = "<group>"; };
		83D848F31A522FB400D2BE00 /* ViewController.h */ = {isa = PBXFileReference; lastKnownFileType = sourcecode.c.h; path = ViewController.h; sourceTree = "<group>"; };
		83D848F41A522FB400D2BE00 /* ViewController.m */ = {isa = PBXFileReference; lastKnownFileType = sourcecode.c.objc; path = ViewController.m; sourceTree = "<group>"; };
		83D848F71A522FB400D2BE00 /* Base */ = {isa = PBXFileReference; lastKnownFileType = file.storyboard; name = Base; path = Base.lproj/Main.storyboard; sourceTree = "<group>"; };
		83D848F91A522FB400D2BE00 /* Images.xcassets */ = {isa = PBXFileReference; lastKnownFileType = folder.assetcatalog; path = Images.xcassets; sourceTree = "<group>"; };
		83D848FC1A522FB400D2BE00 /* Base */ = {isa = PBXFileReference; lastKnownFileType = file.xib; name = Base; path = Base.lproj/LaunchScreen.xib; sourceTree = "<group>"; };
		83D849021A522FB400D2BE00 /* LittleBitsTests.xctest */ = {isa = PBXFileReference; explicitFileType = wrapper.cfbundle; includeInIndex = 0; path = LittleBitsTests.xctest; sourceTree = BUILT_PRODUCTS_DIR; };
		83D849071A522FB400D2BE00 /* Info.plist */ = {isa = PBXFileReference; lastKnownFileType = text.plist.xml; path = Info.plist; sourceTree = "<group>"; };
		83D849081A522FB400D2BE00 /* LittleBitsTests.m */ = {isa = PBXFileReference; lastKnownFileType = sourcecode.c.objc; path = LittleBitsTests.m; sourceTree = "<group>"; };
/* End PBXFileReference section */

/* Begin PBXFrameworksBuildPhase section */
		83D848E31A522FB400D2BE00 /* Frameworks */ = {
			isa = PBXFrameworksBuildPhase;
			buildActionMask = 2147483647;
			files = (
			);
			runOnlyForDeploymentPostprocessing = 0;
		};
		83D848FF1A522FB400D2BE00 /* Frameworks */ = {
			isa = PBXFrameworksBuildPhase;
			buildActionMask = 2147483647;
			files = (
			);
			runOnlyForDeploymentPostprocessing = 0;
		};
/* End PBXFrameworksBuildPhase section */

/* Begin PBXGroup section */
		83D848DD1A522FB400D2BE00 = {
			isa = PBXGroup;
			children = (
				83D848E81A522FB400D2BE00 /* LittleBits */,
				83D849051A522FB400D2BE00 /* LittleBitsTests */,
				83D848E71A522FB400D2BE00 /* Products */,
			);
			sourceTree = "<group>";
		};
		83D848E71A522FB400D2BE00 /* Products */ = {
			isa = PBXGroup;
			children = (
				83D848E61A522FB400D2BE00 /* LittleBits.app */,
				83D849021A522FB400D2BE00 /* LittleBitsTests.xctest */,
			);
			name = Products;
			sourceTree = "<group>";
		};
		83D848E81A522FB400D2BE00 /* LittleBits */ = {
			isa = PBXGroup;
			children = (
				83D848ED1A522FB400D2BE00 /* AppDelegate.h */,
				83D848EE1A522FB400D2BE00 /* AppDelegate.m */,
				83D848F31A522FB400D2BE00 /* ViewController.h */,
				83D848F41A522FB400D2BE00 /* ViewController.m */,
				83D848F61A522FB400D2BE00 /* Main.storyboard */,
				83D848F91A522FB400D2BE00 /* Images.xcassets */,
				83D848FB1A522FB400D2BE00 /* LaunchScreen.xib */,
				83D848F01A522FB400D2BE00 /* LittleBits.xcdatamodeld */,
				83D848E91A522FB400D2BE00 /* Supporting Files */,
			);
			path = LittleBits;
			sourceTree = "<group>";
		};
		83D848E91A522FB400D2BE00 /* Supporting Files */ = {
			isa = PBXGroup;
			children = (
				83D848EA1A522FB400D2BE00 /* Info.plist */,
				83D848EB1A522FB400D2BE00 /* main.m */,
			);
			name = "Supporting Files";
			sourceTree = "<group>";
		};
		83D849051A522FB400D2BE00 /* LittleBitsTests */ = {
			isa = PBXGroup;
			children = (
				83D849081A522FB400D2BE00 /* LittleBitsTests.m */,
				83D849061A522FB400D2BE00 /* Supporting Files */,
			);
			path = LittleBitsTests;
			sourceTree = "<group>";
		};
		83D849061A522FB400D2BE00 /* Supporting Files */ = {
			isa = PBXGroup;
			children = (
				83D849071A522FB400D2BE00 /* Info.plist */,
			);
			name = "Supporting Files";
			sourceTree = "<group>";
		};
/* End PBXGroup section */

/* Begin PBXNativeTarget section */
		83D848E51A522FB400D2BE00 /* LittleBits */ = {
			isa = PBXNativeTarget;
			buildConfigurationList = 83D8490C1A522FB400D2BE00 /* Build configuration list for PBXNativeTarget "LittleBits" */;
			buildPhases = (
				83D848E21A522FB400D2BE00 /* Sources */,
				83D848E31A522FB400D2BE00 /* Frameworks */,
				83D848E41A522FB400D2BE00 /* Resources */,
			);
			buildRules = (
			);
			dependencies = (
			);
			name = LittleBits;
			productName = LittleBits;
			productReference = 83D848E61A522FB400D2BE00 /* LittleBits.app */;
			productType = "com.apple.product-type.application";
		};
		83D849011A522FB400D2BE00 /* LittleBitsTests */ = {
			isa = PBXNativeTarget;
			buildConfigurationList = 83D8490F1A522FB400D2BE00 /* Build configuration list for PBXNativeTarget "LittleBitsTests" */;
			buildPhases = (
				83D848FE1A522FB400D2BE00 /* Sources */,
				83D848FF1A522FB400D2BE00 /* Frameworks */,
				83D849001A522FB400D2BE00 /* Resources */,
			);
			buildRules = (
			);
			dependencies = (
				83D849041A522FB400D2BE00 /* PBXTargetDependency */,
			);
			name = LittleBitsTests;
			productName = LittleBitsTests;
			productReference = 83D849021A522FB400D2BE00 /* LittleBitsTests.xctest */;
			productType = "com.apple.product-type.bundle.unit-test";
		};
/* End PBXNativeTarget section */

/* Begin PBXProject section */
		83D848DE1A522FB400D2BE00 /* Project object */ = {
			isa = PBXProject;
			attributes = {
				LastUpgradeCheck = 0610;
				ORGANIZATIONNAME = Yepher;
				TargetAttributes = {
					83D848E51A522FB400D2BE00 = {
						CreatedOnToolsVersion = 6.1.1;
					};
					83D849011A522FB400D2BE00 = {
						CreatedOnToolsVersion = 6.1.1;
						TestTargetID = 83D848E51A522FB400D2BE00;
					};
				};
			};
			buildConfigurationList = 83D848E11A522FB400D2BE00 /* Build configuration list for PBXProject "LittleBits" */;
			compatibilityVersion = "Xcode 3.2";
			developmentRegion = English;
			hasScannedForEncodings = 0;
			knownRegions = (
				en,
				Base,
			);
			mainGroup = 83D848DD1A522FB400D2BE00;
			productRefGroup = 83D848E71A522FB400D2BE00 /* Products */;
			projectDirPath = "";
			projectRoot = "";
			targets = (
				83D848E51A522FB400D2BE00 /* LittleBits */,
				83D849011A522FB400D2BE00 /* LittleBitsTests */,
			);
		};
/* End PBXProject section */

/* Begin PBXResourcesBuildPhase section */
		83D848E41A522FB400D2BE00 /* Resources */ = {
			isa = PBXResourcesBuildPhase;
			buildActionMask = 2147483647;
			files = (
				83D848F81A522FB400D2BE00 /* Main.storyboard in Resources */,
				83D848FD1A522FB400D2BE00 /* LaunchScreen.xib in Resources */,
				83D848FA1A522FB400D2BE00 /* Images.xcassets in Resources */,
			);
			runOnlyForDeploymentPostprocessing = 0;
		};
		83D849001A522FB400D2BE00 /* Resources */ = {
			isa = PBXResourcesBuildPhase;
			buildActionMask = 2147483647;
			files = (
			);
			runOnlyForDeploymentPostprocessing = 0;
		};
/* End PBXResourcesBuildPhase section */

/* Begin PBXSourcesBuildPhase section */
		83D848E21A522FB400D2BE00 /* Sources */ = {
			isa = PBXSourcesBuildPhase;
			buildActionMask = 2147483647;
			files = (
				83D848EF1A522FB400D2BE00 /* AppDelegate.m in Sources */,
				83D848EC1A522FB400D2BE00 /* main.m in Sources */,
				83D848F51A522FB400D2BE00 /* ViewController.m in Sources */,
				83D848F21A522FB400D2BE00 /* LittleBits.xcdatamodeld in Sources */,
			);
			runOnlyForDeploymentPostprocessing = 0;
		};
		83D848FE1A522FB400D2BE00 /* Sources */ = {
			isa = PBXSourcesBuildPhase;
			buildActionMask = 2147483647;
			files = (
				83D849091A522FB400D2BE00 /* LittleBitsTests.m in Sources */,
			);
			runOnlyForDeploymentPostprocessing = 0;
		};
/* End PBXSourcesBuildPhase section */

/* Begin PBXTargetDependency section */
		83D849041A522FB400D2BE00 /* PBXTargetDependency */ = {
			isa = PBXTargetDependency;
			target = 83D848E51A522FB400D2BE00 /* LittleBits */;
			targetProxy = 83D849031A522FB400D2BE00 /* PBXContainerItemProxy */;
		};
/* End PBXTargetDependency section */

/* Begin PBXVariantGroup section */
		83D848F61A522FB400D2BE00 /* Main.storyboard */ = {
			isa = PBXVariantGroup;
			children = (
				83D848F71A522FB400D2BE00 /* Base */,
			);
			name = Main.storyboard;
			sourceTree = "<group>";
		};
		83D848FB1A522FB400D2BE00 /* LaunchScreen.xib */ = {
			isa = PBXVariantGroup;
			children = (
				83D848FC1A522FB400D2BE00 /* Base */,
			);
			name = LaunchScreen.xib;
			sourceTree = "<group>";
		};
/* End PBXVariantGroup section */

/* Begin XCBuildConfiguration section */
		83D8490A1A522FB400D2BE00 /* Debug */ = {
			isa = XCBuildConfiguration;
			buildSettings = {
				ALWAYS_SEARCH_USER_PATHS = NO;
				CLANG_CXX_LANGUAGE_STANDARD = "gnu++0x";
				CLANG_CXX_LIBRARY = "libc++";
				CLANG_ENABLE_MODULES = YES;
				CLANG_ENABLE_OBJC_ARC = YES;
				CLANG_WARN_BOOL_CONVERSION = YES;
				CLANG_WARN_CONSTANT_CONVERSION = YES;
				CLANG_WARN_DIRECT_OBJC_ISA_USAGE = YES_ERROR;
				CLANG_WARN_EMPTY_BODY = YES;
				CLANG_WARN_ENUM_CONVERSION = YES;
				CLANG_WARN_INT_CONVERSION = YES;
				CLANG_WARN_OBJC_ROOT_CLASS = YES_ERROR;
				CLANG_WARN_UNREACHABLE_CODE = YES;
				CLANG_WARN__DUPLICATE_METHOD_MATCH = YES;
				"CODE_SIGN_IDENTITY[sdk=iphoneos*]" = "iPhone Developer";
				COPY_PHASE_STRIP = NO;
				ENABLE_STRICT_OBJC_MSGSEND = YES;
				GCC_C_LANGUAGE_STANDARD = gnu99;
				GCC_DYNAMIC_NO_PIC = NO;
				GCC_OPTIMIZATION_LEVEL = 0;
				GCC_PREPROCESSOR_DEFINITIONS = (
					"DEBUG=1",
					"$(inherited)",
				);
				GCC_SYMBOLS_PRIVATE_EXTERN = NO;
				GCC_WARN_64_TO_32_BIT_CONVERSION = YES;
				GCC_WARN_ABOUT_RETURN_TYPE = YES_ERROR;
				GCC_WARN_UNDECLARED_SELECTOR = YES;
				GCC_WARN_UNINITIALIZED_AUTOS = YES_AGGRESSIVE;
				GCC_WARN_UNUSED_FUNCTION = YES;
				GCC_WARN_UNUSED_VARIABLE = YES;
				IPHONEOS_DEPLOYMENT_TARGET = 8.1;
				MTL_ENABLE_DEBUG_INFO = YES;
				ONLY_ACTIVE_ARCH = YES;
				SDKROOT = iphoneos;
			};
			name = Debug;
		};
		83D8490B1A522FB400D2BE00 /* Release */ = {
			isa = XCBuildConfiguration;
			buildSettings = {
				ALWAYS_SEARCH_USER_PATHS = NO;
				CLANG_CXX_LANGUAGE_STANDARD = "gnu++0x";
				CLANG_CXX_LIBRARY = "libc++";
				CLANG_ENABLE_MODULES = YES;
				CLANG_ENABLE_OBJC_ARC = YES;
				CLANG_WARN_BOOL_CONVERSION = YES;
				CLANG_WARN_CONSTANT_CONVERSION = YES;
				CLANG_WARN_DIRECT_OBJC_ISA_USAGE = YES_ERROR;
				CLANG_WARN_EMPTY_BODY = YES;
				CLANG_WARN_ENUM_CONVERSION = YES;
				CLANG_WARN_INT_CONVERSION = YES;
				CLANG_WARN_OBJC_ROOT_CLASS = YES_ERROR;
				CLANG_WARN_UNREACHABLE_CODE = YES;
				CLANG_WARN__DUPLICATE_METHOD_MATCH = YES;
				"CODE_SIGN_IDENTITY[sdk=iphoneos*]" = "iPhone Developer";
				COPY_PHASE_STRIP = YES;
				ENABLE_NS_ASSERTIONS = NO;
				ENABLE_STRICT_OBJC_MSGSEND = YES;
				GCC_C_LANGUAGE_STANDARD = gnu99;
				GCC_WARN_64_TO_32_BIT_CONVERSION = YES;
				GCC_WARN_ABOUT_RETURN_TYPE = YES_ERROR;
				GCC_WARN_UNDECLARED_SELECTOR = YES;
				GCC_WARN_UNINITIALIZED_AUTOS = YES_AGGRESSIVE;
				GCC_WARN_UNUSED_FUNCTION = YES;
				GCC_WARN_UNUSED_VARIABLE = YES;
				IPHONEOS_DEPLOYMENT_TARGET = 8.1;
				MTL_ENABLE_DEBUG_INFO = NO;
				SDKROOT = iphoneos;
				VALIDATE_PRODUCT = YES;
			};
			name = Release;
		};
		83D8490D1A522FB400D2BE00 /* Debug */ = {
			isa = XCBuildConfiguration;
			buildSettings = {
				ASSETCATALOG_COMPILER_APPICON_NAME = AppIcon;
				INFOPLIST_FILE = LittleBits/Info.plist;
				LD_RUNPATH_SEARCH_PATHS = "$(inherited) @executable_path/Frameworks";
				PRODUCT_NAME = "$(TARGET_NAME)";
			};
			name = Debug;
		};
		83D8490E1A522FB400D2BE00 /* Release */ = {
			isa = XCBuildConfiguration;
			buildSettings = {
				ASSETCATALOG_COMPILER_APPICON_NAME = AppIcon;
				INFOPLIST_FILE = LittleBits/Info.plist;
				LD_RUNPATH_SEARCH_PATHS = "$(inherited) @executable_path/Frameworks";
				PRODUCT_NAME = "$(TARGET_NAME)";
			};
			name = Release;
		};
		83D849101A522FB400D2BE00 /* Debug */ = {
			isa = XCBuildConfiguration;
			buildSettings = {
				BUNDLE_LOADER = "$(TEST_HOST)";
				FRAMEWORK_SEARCH_PATHS = (
					"$(SDKROOT)/Developer/Library/Frameworks",
					"$(inherited)",
				);
				GCC_PREPROCESSOR_DEFINITIONS = (
					"DEBUG=1",
					"$(inherited)",
				);
				INFOPLIST_FILE = LittleBitsTests/Info.plist;
				LD_RUNPATH_SEARCH_PATHS = "$(inherited) @executable_path/Frameworks @loader_path/Frameworks";
				PRODUCT_NAME = "$(TARGET_NAME)";
				TEST_HOST = "$(BUILT_PRODUCTS_DIR)/LittleBits.app/LittleBits";
			};
			name = Debug;
		};
		83D849111A522FB400D2BE00 /* Release */ = {
			isa = XCBuildConfiguration;
			buildSettings = {
				BUNDLE_LOADER = "$(TEST_HOST)";
				FRAMEWORK_SEARCH_PATHS = (
					"$(SDKROOT)/Developer/Library/Frameworks",
					"$(inherited)",
				);
				INFOPLIST_FILE = LittleBitsTests/Info.plist;
				LD_RUNPATH_SEARCH_PATHS = "$(inherited) @executable_path/Frameworks @loader_path/Frameworks";
				PRODUCT_NAME = "$(TARGET_NAME)";
				TEST_HOST = "$(BUILT_PRODUCTS_DIR)/LittleBits.app/LittleBits";
			};
			name = Release;
		};
/* End XCBuildConfiguration section */

/* Begin XCConfigurationList section */
		83D848E11A522FB400D2BE00 /* Build configuration list for PBXProject "LittleBits" */ = {
			isa = XCConfigurationList;
			buildConfigurations = (
				83D8490A1A522FB400D2BE00 /* Debug */,
				83D8490B1A522FB400D2BE00 /* Release */,
			);
			defaultConfigurationIsVisible = 0;
			defaultConfigurationName = Release;
		};
		83D8490C1A522FB400D2BE00 /* Build configuration list for PBXNativeTarget "LittleBits" */ = {
			isa = XCConfigurationList;
			buildConfigurations = (
				83D8490D1A522FB400D2BE00 /* Debug */,
				83D8490E1A522FB400D2BE00 /* Release */,
			);
			defaultConfigurationIsVisible = 0;
		};
		83D8490F1A522FB400D2BE00 /* Build configuration list for PBXNativeTarget "LittleBitsTests" */ = {
			isa = XCConfigurationList;
			buildConfigurations = (
				83D849101A522FB400D2BE00 /* Debug */,
				83D849111A522FB400D2BE00 /* Release */,
			);
			defaultConfigurationIsVisible = 0;
		};
/* End XCConfigurationList section */

/* Begin XCVersionGroup section */
		83D848F01A522FB400D2BE00 /* LittleBits.xcdatamodeld */ = {
			isa = XCVersionGroup;
			children = (
				83D848F11A522FB400D2BE00 /* LittleBits.xcdatamodel */,
			);
			currentVersion = 83D848F11A522FB400D2BE00 /* LittleBits.xcdatamodel */;
			path = LittleBits.xcdatamodeld;
			sourceTree = "<group>";
			versionGroupType = wrapper.xcdatamodel;
		};
/* End XCVersionGroup section */
	};
	rootObject = 83D848DE1A522FB400D2BE00 /* Project object */;
}
